
Microsoft Visual Studio Solution File, Format Version 12.00
# Visual Studio Version 17
VisualStudioVersion = 17.14.36930.0
MinimumVisualStudioVersion = 10.0.40219.1
Project("{FAE04EC0-301F-11D3-BF4B-00C04F79EFBC}") = "GestaoTarefas.API", "GestaoTarefas.API\GestaoTarefas.API.csproj", "{ED6C7176-1244-4A82-9D38-683C2454ADC3}"
EndProject
Project("{FAE04EC0-301F-11D3-BF4B-00C04F79EFBC}") = "GestaoTarefas.Application", "GestaoTarefas.Application\GestaoTarefas.Application.csproj", "{6196677B-ABE5-4F64-888B-EDC1CE950AB3}"
EndProject
Project("{FAE04EC0-301F-11D3-BF4B-00C04F79EFBC}") = "GestaoTarefas.Domain", "GestaoTarefas.Domain\GestaoTarefas.Domain.csproj", "{F91690A7-A0DE-423F-AB52-CA41962768DC}"
EndProject
Project("{FAE04EC0-301F-11D3-BF4B-00C04F79EFBC}") = "GestaoTarefas.Infra", "GestaoTarefas.Infra\GestaoTarefas.Infra.csproj", "{24B9DA53-A794-48D8-A5F5-6BDCEC87EBA5}"
EndProject
Project("{2150E333-8FDC-42A3-9474-1A3956D46DE8}") = "src", "src", "{02EA681E-C7D8-13C7-8484-4AC65E1B71E8}"
EndProject
Project("{FAE04EC0-301F-11D3-BF4B-00C04F79EFBC}") = "GestaoTarefas.Tests", "GestaoTarefas.Tests\GestaoTarefas.Tests.csproj", "{AEFECC18-C8F6-4FF0-B814-AC1CBE8438D0}"
EndProject
Global
	GlobalSection(SolutionConfigurationPlatforms) = preSolution
		Debug|Any CPU = Debug|Any CPU
		Debug|x64 = Debug|x64
		Debug|x86 = Debug|x86
		Release|Any CPU = Release|Any CPU
		Release|x64 = Release|x64
		Release|x86 = Release|x86
	EndGlobalSection
	GlobalSection(ProjectConfigurationPlatforms) = postSolution
		{ED6C7176-1244-4A82-9D38-683C2454ADC3}.Debug|Any CPU.ActiveCfg = Debug|Any CPU
		{ED6C7176-1244-4A82-9D38-683C2454ADC3}.Debug|Any CPU.Build.0 = Debug|Any CPU
		{ED6C7176-1244-4A82-9D38-683C2454ADC3}.Debug|x64.ActiveCfg = Debug|Any CPU
		{ED6C7176-1244-4A82-9D38-683C2454ADC3}.Debug|x64.Build.0 = Debug|Any CPU
		{ED6C7176-1244-4A82-9D38-683C2454ADC3}.Debug|x86.ActiveCfg = Debug|Any CPU
		{ED6C7176-1244-4A82-9D38-683C2454ADC3}.Debug|x86.Build.0 = Debug|Any CPU
		{ED6C7176-1244-4A82-9D38-683C2454ADC3}.Release|Any CPU.ActiveCfg = Release|Any CPU
		{ED6C7176-1244-4A82-9D38-683C2454ADC3}.Release|Any CPU.Build.0 = Release|Any CPU
		{ED6C7176-1244-4A82-9D38-683C2454ADC3}.Release|x64.ActiveCfg = Release|Any CPU
		{ED6C7176-1244-4A82-9D38-683C2454ADC3}.Release|x64.Build.0 = Release|Any CPU
		{ED6C7176-1244-4A82-9D38-683C2454ADC3}.Release|x86.ActiveCfg = Release|Any CPU
		{ED6C7176-1244-4A82-9D38-683C2454ADC3}.Release|x86.Build.0 = Release|Any CPU
		{6196677B-ABE5-4F64-888B-EDC1CE950AB3}.Debug|Any CPU.ActiveCfg = Debug|Any CPU
		{6196677B-ABE5-4F64-888B-EDC1CE950AB3}.Debug|Any CPU.Build.0 = Debug|Any CPU
		{6196677B-ABE5-4F64-888B-EDC1CE950AB3}.Debug|x64.ActiveCfg = Debug|Any CPU
		{6196677B-ABE5-4F64-888B-EDC1CE950AB3}.Debug|x64.Build.0 = Debug|Any CPU
		{6196677B-ABE5-4F64-888B-EDC1CE950AB3}.Debug|x86.ActiveCfg = Debug|Any CPU
		{6196677B-ABE5-4F64-888B-EDC1CE950AB3}.Debug|x86.Build.0 = Debug|Any CPU
		{6196677B-ABE5-4F64-888B-EDC1CE950AB3}.Release|Any CPU.ActiveCfg = Release|Any CPU
		{6196677B-ABE5-4F64-888B-EDC1CE950AB3}.Release|Any CPU.Build.0 = Release|Any CPU
		{6196677B-ABE5-4F64-888B-EDC1CE950AB3}.Release|x64.ActiveCfg = Release|Any CPU
		{6196677B-ABE5-4F64-888B-EDC1CE950AB3}.Release|x64.Build.0 = Release|Any CPU
		{6196677B-ABE5-4F64-888B-EDC1CE950AB3}.Release|x86.ActiveCfg = Release|Any CPU
		{6196677B-ABE5-4F64-888B-EDC1CE950AB3}.Release|x86.Build.0 = Release|Any CPU
		{F91690A7-A0DE-423F-AB52-CA41962768DC}.Debug|Any CPU.ActiveCfg = Debug|Any CPU
		{F91690A7-A0DE-423F-AB52-CA41962768DC}.Debug|Any CPU.Build.0 = Debug|Any CPU
		{F91690A7-A0DE-423F-AB52-CA41962768DC}.Debug|x64.ActiveCfg = Debug|Any CPU
		{F91690A7-A0DE-423F-AB52-CA41962768DC}.Debug|x64.Build.0 = Debug|Any CPU
		{F91690A7-A0DE-423F-AB52-CA41962768DC}.Debug|x86.ActiveCfg = Debug|Any CPU
		{F91690A7-A0DE-423F-AB52-CA41962768DC}.Debug|x86.Build.0 = Debug|Any CPU
		{F91690A7-A0DE-423F-AB52-CA41962768DC}.Release|Any CPU.ActiveCfg = Release|Any CPU
		{F91690A7-A0DE-423F-AB52-CA41962768DC}.Release|Any CPU.Build.0 = Release|Any CPU
		{F91690A7-A0DE-423F-AB52-CA41962768DC}.Release|x64.ActiveCfg = Release|Any CPU
		{F91690A7-A0DE-423F-AB52-CA41962768DC}.Release|x64.Build.0 = Release|Any CPU
		{F91690A7-A0DE-423F-AB52-CA41962768DC}.Release|x86.ActiveCfg = Release|Any CPU
		{F91690A7-A0DE-423F-AB52-CA41962768DC}.Release|x86.Build.0 = Release|Any CPU
		{24B9DA53-A794-48D8-A5F5-6BDCEC87EBA5}.Debug|Any CPU.ActiveCfg = Debug|Any CPU
		{24B9DA53-A794-48D8-A5F5-6BDCEC87EBA5}.Debug|Any CPU.Build.0 = Debug|Any CPU
		{24B9DA53-A794-48D8-A5F5-6BDCEC87EBA5}.Debug|x64.ActiveCfg = Debug|Any CPU
		{24B9DA53-A794-48D8-A5F5-6BDCEC87EBA5}.Debug|x64.Build.0 = Debug|Any CPU
		{24B9DA53-A794-48D8-A5F5-6BDCEC87EBA5}.Debug|x86.ActiveCfg = Debug|Any CPU
		{24B9DA53-A794-48D8-A5F5-6BDCEC87EBA5}.Debug|x86.Build.0 = Debug|Any CPU
		{24B9DA53-A794-48D8-A5F5-6BDCEC87EBA5}.Release|Any CPU.ActiveCfg = Release|Any CPU
		{24B9DA53-A794-48D8-A5F5-6BDCEC87EBA5}.Release|Any CPU.Build.0 = Release|Any CPU
		{24B9DA53-A794-48D8-A5F5-6BDCEC87EBA5}.Release|x64.ActiveCfg = Release|Any CPU
		{24B9DA53-A794-48D8-A5F5-6BDCEC87EBA5}.Release|x64.Build.0 = Release|Any CPU
		{24B9DA53-A794-48D8-A5F5-6BDCEC87EBA5}.Release|x86.ActiveCfg = Release|Any CPU
		{24B9DA53-A794-48D8-A5F5-6BDCEC87EBA5}.Release|x86.Build.0 = Release|Any CPU
		{AEFECC18-C8F6-4FF0-B814-AC1CBE8438D0}.Debug|Any CPU.ActiveCfg = Debug|Any CPU
		{AEFECC18-C8F6-4FF0-B814-AC1CBE8438D0}.Debug|Any CPU.Build.0 = Debug|Any CPU
		{AEFECC18-C8F6-4FF0-B814-AC1CBE8438D0}.Debug|x64.ActiveCfg = Debug|Any CPU
		{AEFECC18-C8F6-4FF0-B814-AC1CBE8438D0}.Debug|x64.Build.0 = Debug|Any CPU
		{AEFECC18-C8F6-4FF0-B814-AC1CBE8438D0}.Debug|x86.ActiveCfg = Debug|Any CPU
		{AEFECC18-C8F6-4FF0-B814-AC1CBE8438D0}.Debug|x86.Build.0 = Debug|Any CPU
		{AEFECC18-C8F6-4FF0-B814-AC1CBE8438D0}.Release|Any CPU.ActiveCfg = Release|Any CPU
		{AEFECC18-C8F6-4FF0-B814-AC1CBE8438D0}.Release|Any CPU.Build.0 = Release|Any CPU
		{AEFECC18-C8F6-4FF0-B814-AC1CBE8438D0}.Release|x64.ActiveCfg = Release|Any CPU
		{AEFECC18-C8F6-4FF0-B814-AC1CBE8438D0}.Release|x64.Build.0 = Release|Any CPU
		{AEFECC18-C8F6-4FF0-B814-AC1CBE8438D0}.Release|x86.ActiveCfg = Release|Any CPU
		{AEFECC18-C8F6-4FF0-B814-AC1CBE8438D0}.Release|x86.Build.0 = Release|Any CPU
	EndGlobalSection
	GlobalSection(SolutionProperties) = preSolution
		HideSolutionNode = FALSE
	EndGlobalSection
	GlobalSection(NestedProjects) = preSolution
		{ED6C7176-1244-4A82-9D38-683C2454ADC3} = {02EA681E-C7D8-13C7-8484-4AC65E1B71E8}
		{6196677B-ABE5-4F64-888B-EDC1CE950AB3} = {02EA681E-C7D8-13C7-8484-4AC65E1B71E8}
		{F91690A7-A0DE-423F-AB52-CA41962768DC} = {02EA681E-C7D8-13C7-8484-4AC65E1B71E8}
		{24B9DA53-A794-48D8-A5F5-6BDCEC87EBA5} = {02EA681E-C7D8-13C7-8484-4AC65E1B71E8}
	EndGlobalSection
	GlobalSection(ExtensibilityGlobals) = postSolution
		SolutionGuid = {84419844-CE29-455C-BAF9-84F080741FC2}
	EndGlobalSection
EndGlobal
